
Microsoft Visual Studio Solution File, Format Version 12.00
# Visual Studio 2013
VisualStudioVersion = 12.0.31101.0
MinimumVisualStudioVersion = 10.0.40219.1
Project("{A0786B88-2ADB-4C21-ABE8-AA2D79766269}") = "RadishZombies", "RadishZombies.phpproj", "{F1082728-729B-4C63-BE44-5B84AD5C353F}"
EndProject
Global
	GlobalSection(SolutionConfigurationPlatforms) = preSolution
		Debug|Any CPU = Debug|Any CPU
		Release|Any CPU = Release|Any CPU
	EndGlobalSection
	GlobalSection(ProjectConfigurationPlatforms) = postSolution
		{F1082728-729B-4C63-BE44-5B84AD5C353F}.Debug|Any CPU.ActiveCfg = Debug|Any CPU
		{F1082728-729B-4C63-BE44-5B84AD5C353F}.Debug|Any CPU.Build.0 = Debug|Any CPU
		{F1082728-729B-4C63-BE44-5B84AD5C353F}.Release|Any CPU.ActiveCfg = Release|Any CPU
		{F1082728-729B-4C63-BE44-5B84AD5C353F}.Release|Any CPU.Build.0 = Release|Any CPU
	EndGlobalSection
	GlobalSection(SolutionProperties) = preSolution
		HideSolutionNode = FALSE
	EndGlobalSection
EndGlobal
